// !$*UTF8*$!
{
	archiveVersion = 1;
	classes = {
	};
	objectVersion = 77;
	objects = {

/* Begin PBXBuildFile section */
		348C8B622F345FF000C384BC /* BriefingVoiceViewModel.swift in Sources */ = {isa = PBXBuildFile; fileRef = 348C8B612F345FF000C384BC /* BriefingVoiceViewModel.swift */; };
		348C8B642F345FF700C384BC /* BriefingVoiceView.swift in Sources */ = {isa = PBXBuildFile; fileRef = 348C8B632F345FF700C384BC /* BriefingVoiceView.swift */; };
		34A2B45E2F318C6C00F3B9A8 /* MissionAlarmSettingView.swift in Sources */ = {isa = PBXBuildFile; fileRef = 34A2B45D2F318C6C00F3B9A8 /* MissionAlarmSettingView.swift */; };
		34A2B4602F318E1700F3B9A8 /* AdvancedSettingTarget.swift in Sources */ = {isa = PBXBuildFile; fileRef = 34A2B45F2F318E1700F3B9A8 /* AdvancedSettingTarget.swift */; };
		34A2B4622F3193F200F3B9A8 /* MissionAlarmSettingViewModel.swift in Sources */ = {isa = PBXBuildFile; fileRef = 34A2B4612F3193F200F3B9A8 /* MissionAlarmSettingViewModel.swift */; };
		34A2B4F72F31C30D00F3B9A8 /* AdvancedSettingModel.swift in Sources */ = {isa = PBXBuildFile; fileRef = 34A2B4F62F31C30D00F3B9A8 /* AdvancedSettingModel.swift */; };
		34A2B4F92F31C38B00F3B9A8 /* ScreenThemeSettingView.swift in Sources */ = {isa = PBXBuildFile; fileRef = 34A2B4F82F31C38B00F3B9A8 /* ScreenThemeSettingView.swift */; };
		34A2B4FB2F31C39800F3B9A8 /* ScreenThemeSettingViewModel.swift in Sources */ = {isa = PBXBuildFile; fileRef = 34A2B4FA2F31C39800F3B9A8 /* ScreenThemeSettingViewModel.swift */; };
		34A2B4FE2F31C53B00F3B9A8 /* TopNavigationBar.swift in Sources */ = {isa = PBXBuildFile; fileRef = 34A2B4FD2F31C53B00F3B9A8 /* TopNavigationBar.swift */; };
		B40A01162F2BA23D00687C64 /* ProfileSettingView.swift in Sources */ = {isa = PBXBuildFile; fileRef = B40A01152F2BA14000687C64 /* ProfileSettingView.swift */; };
		B40A01182F2BB03300687C64 /* SettingAssets.xcassets in Resources */ = {isa = PBXBuildFile; fileRef = B40A01172F2BB03300687C64 /* SettingAssets.xcassets */; };
		B40A01272F2BBB7400687C64 /* APIManager.swift in Sources */ = {isa = PBXBuildFile; fileRef = B40A01252F2BBB7400687C64 /* APIManager.swift */; };
		B40A012A2F2BD24D00687C64 /* LoginSectionView.swift in Sources */ = {isa = PBXBuildFile; fileRef = B40A01292F2BD22D00687C64 /* LoginSectionView.swift */; };
		B42F47FE2F26FA600057284E /* TodoSettingView.swift in Sources */ = {isa = PBXBuildFile; fileRef = B42F47F52F26FA600057284E /* TodoSettingView.swift */; };
		B42F47FF2F26FA600057284E /* TodoSettingViewModel.swift in Sources */ = {isa = PBXBuildFile; fileRef = B42F47F62F26FA600057284E /* TodoSettingViewModel.swift */; };
		B42F48002F26FA600057284E /* HomeModel.swift in Sources */ = {isa = PBXBuildFile; fileRef = B42F47F82F26FA600057284E /* HomeModel.swift */; };
		B42F48012F26FA600057284E /* TodoSettingModel.swift in Sources */ = {isa = PBXBuildFile; fileRef = B42F47F42F26FA600057284E /* TodoSettingModel.swift */; };
		B42F48022F26FA600057284E /* HomeView.swift in Sources */ = {isa = PBXBuildFile; fileRef = B42F47FA2F26FA600057284E /* HomeView.swift */; };
		B42F48032F26FA600057284E /* HomeViewModel.swift in Sources */ = {isa = PBXBuildFile; fileRef = B42F47FC2F26FA600057284E /* HomeViewModel.swift */; };
		B42F48042F26FA600057284E /* HomeViewAsset.xcassets in Resources */ = {isa = PBXBuildFile; fileRef = B42F47FB2F26FA600057284E /* HomeViewAsset.xcassets */; };
		B42F48052F26FA600057284E /* HomePartTodoWrite.md in Resources */ = {isa = PBXBuildFile; fileRef = B42F47F92F26FA600057284E /* HomePartTodoWrite.md */; };
		B42F48072F26FAFD0057284E /* TabBar.swift in Sources */ = {isa = PBXBuildFile; fileRef = B42F48062F26FAFD0057284E /* TabBar.swift */; };
		B42F480A2F26FDE60057284E /* CombineMoya in Frameworks */ = {isa = PBXBuildFile; productRef = B42F48092F26FDE60057284E /* CombineMoya */; };
		B42F480C2F26FDE60057284E /* Moya in Frameworks */ = {isa = PBXBuildFile; productRef = B42F480B2F26FDE60057284E /* Moya */; };
		B42F480E2F26FDE60057284E /* ReactiveMoya in Frameworks */ = {isa = PBXBuildFile; productRef = B42F480D2F26FDE60057284E /* ReactiveMoya */; };
		B42F48102F26FDE60057284E /* RxMoya in Frameworks */ = {isa = PBXBuildFile; productRef = B42F480F2F26FDE60057284E /* RxMoya */; };
		B4B4DAA52F2767C400C29EDC /* AddTaskView.swift in Sources */ = {isa = PBXBuildFile; fileRef = B4B4DA9C2F2767C400C29EDC /* AddTaskView.swift */; };
		B4B4DAA62F2767C400C29EDC /* AddTypeSheet.swift in Sources */ = {isa = PBXBuildFile; fileRef = B4B4DA9D2F2767C400C29EDC /* AddTypeSheet.swift */; };
		B4B4DAA72F2767C400C29EDC /* RoutineView.swift in Sources */ = {isa = PBXBuildFile; fileRef = B4B4DAA22F2767C400C29EDC /* RoutineView.swift */; };
		B4B4DAA82F2767C400C29EDC /* RoutineViewModel.swift in Sources */ = {isa = PBXBuildFile; fileRef = B4B4DAA32F2767C400C29EDC /* RoutineViewModel.swift */; };
		B4B4DAA92F2767C400C29EDC /* RoutineModel.swift in Sources */ = {isa = PBXBuildFile; fileRef = B4B4DAA02F2767C400C29EDC /* RoutineModel.swift */; };
		B4B4DAAA2F2767C400C29EDC /* RoutineCardView.swift in Sources */ = {isa = PBXBuildFile; fileRef = B4B4DA9F2F2767C400C29EDC /* RoutineCardView.swift */; };
		B4B4DAAB2F2767C400C29EDC /* RoutineTabBar.swift in Sources */ = {isa = PBXBuildFile; fileRef = B4B4DAA12F2767C400C29EDC /* RoutineTabBar.swift */; };
		B4B4DAAC2F2767C400C29EDC /* RoutineAssets.xcassets in Resources */ = {isa = PBXBuildFile; fileRef = B4B4DA9E2F2767C400C29EDC /* RoutineAssets.xcassets */; };
		B4E284842F2C52C200D8FD4D /* ProSectionView.swift in Sources */ = {isa = PBXBuildFile; fileRef = B4E284832F2C52BD00D8FD4D /* ProSectionView.swift */; };
		B4E284872F2C720000D8FD4D /* AdvancedSectionView.swift in Sources */ = {isa = PBXBuildFile; fileRef = B4E284862F2C71F900D8FD4D /* AdvancedSectionView.swift */; };
		B4E2848A2F2C864300D8FD4D /* SupportSectionView.swift in Sources */ = {isa = PBXBuildFile; fileRef = B4E284892F2C863B00D8FD4D /* SupportSectionView.swift */; };
		B4E2848D2F2CA3FC00D8FD4D /* ETCSectionView.swift in Sources */ = {isa = PBXBuildFile; fileRef = B4E2848C2F2CA3F900D8FD4D /* ETCSectionView.swift */; };
		B4FD5F2E2F17DEE80022CF67 /* LumoApp.swift in Sources */ = {isa = PBXBuildFile; fileRef = B4FD5F142F17DEE80022CF67 /* LumoApp.swift */; };
		B4FD5F372F17E61C0022CF67 /* OnBoardingPartTodoWrite.md in Resources */ = {isa = PBXBuildFile; fileRef = B4FD5F322F17E61C0022CF67 /* OnBoardingPartTodoWrite.md */; };
		B4FD5F382F17E61C0022CF67 /* Assets.xcassets in Resources */ = {isa = PBXBuildFile; fileRef = B4FD5F2F2F17E61C0022CF67 /* Assets.xcassets */; };
		B4FD5F392F17E61C0022CF67 /* OnBoardingView.swift in Sources */ = {isa = PBXBuildFile; fileRef = B4FD5F332F17E61C0022CF67 /* OnBoardingView.swift */; };
		B4FD5F3B2F17E61C0022CF67 /* OnBoardingModel.swift in Sources */ = {isa = PBXBuildFile; fileRef = B4FD5F312F17E61C0022CF67 /* OnBoardingModel.swift */; };
/* End PBXBuildFile section */

/* Begin PBXFileReference section */
		348C8B612F345FF000C384BC /* BriefingVoiceViewModel.swift */ = {isa = PBXFileReference; lastKnownFileType = sourcecode.swift; path = BriefingVoiceViewModel.swift; sourceTree = "<group>"; };
		348C8B632F345FF700C384BC /* BriefingVoiceView.swift */ = {isa = PBXFileReference; lastKnownFileType = sourcecode.swift; path = BriefingVoiceView.swift; sourceTree = "<group>"; };
		34A2B45D2F318C6C00F3B9A8 /* MissionAlarmSettingView.swift */ = {isa = PBXFileReference; lastKnownFileType = sourcecode.swift; path = MissionAlarmSettingView.swift; sourceTree = "<group>"; };
		34A2B45F2F318E1700F3B9A8 /* AdvancedSettingTarget.swift */ = {isa = PBXFileReference; lastKnownFileType = sourcecode.swift; path = AdvancedSettingTarget.swift; sourceTree = "<group>"; };
		34A2B4612F3193F200F3B9A8 /* MissionAlarmSettingViewModel.swift */ = {isa = PBXFileReference; lastKnownFileType = sourcecode.swift; path = MissionAlarmSettingViewModel.swift; sourceTree = "<group>"; };
		34A2B4F62F31C30D00F3B9A8 /* AdvancedSettingModel.swift */ = {isa = PBXFileReference; lastKnownFileType = sourcecode.swift; path = AdvancedSettingModel.swift; sourceTree = "<group>"; };
		34A2B4F82F31C38B00F3B9A8 /* ScreenThemeSettingView.swift */ = {isa = PBXFileReference; lastKnownFileType = sourcecode.swift; path = ScreenThemeSettingView.swift; sourceTree = "<group>"; };
		34A2B4FA2F31C39800F3B9A8 /* ScreenThemeSettingViewModel.swift */ = {isa = PBXFileReference; lastKnownFileType = sourcecode.swift; path = ScreenThemeSettingViewModel.swift; sourceTree = "<group>"; };
		34A2B4FD2F31C53B00F3B9A8 /* TopNavigationBar.swift */ = {isa = PBXFileReference; lastKnownFileType = sourcecode.swift; path = TopNavigationBar.swift; sourceTree = "<group>"; };
		B40A01152F2BA14000687C64 /* ProfileSettingView.swift */ = {isa = PBXFileReference; lastKnownFileType = sourcecode.swift; path = ProfileSettingView.swift; sourceTree = "<group>"; };
		B40A01172F2BB03300687C64 /* SettingAssets.xcassets */ = {isa = PBXFileReference; lastKnownFileType = folder.assetcatalog; path = SettingAssets.xcassets; sourceTree = "<group>"; };
		B40A01252F2BBB7400687C64 /* APIManager.swift */ = {isa = PBXFileReference; lastKnownFileType = sourcecode.swift; path = APIManager.swift; sourceTree = "<group>"; };
		B40A01292F2BD22D00687C64 /* LoginSectionView.swift */ = {isa = PBXFileReference; lastKnownFileType = sourcecode.swift; path = LoginSectionView.swift; sourceTree = "<group>"; };
		B42F47F42F26FA600057284E /* TodoSettingModel.swift */ = {isa = PBXFileReference; lastKnownFileType = sourcecode.swift; path = TodoSettingModel.swift; sourceTree = "<group>"; };
		B42F47F52F26FA600057284E /* TodoSettingView.swift */ = {isa = PBXFileReference; lastKnownFileType = sourcecode.swift; path = TodoSettingView.swift; sourceTree = "<group>"; };
		B42F47F62F26FA600057284E /* TodoSettingViewModel.swift */ = {isa = PBXFileReference; lastKnownFileType = sourcecode.swift; path = TodoSettingViewModel.swift; sourceTree = "<group>"; };
		B42F47F82F26FA600057284E /* HomeModel.swift */ = {isa = PBXFileReference; lastKnownFileType = sourcecode.swift; path = HomeModel.swift; sourceTree = "<group>"; };
		B42F47F92F26FA600057284E /* HomePartTodoWrite.md */ = {isa = PBXFileReference; lastKnownFileType = net.daringfireball.markdown; path = HomePartTodoWrite.md; sourceTree = "<group>"; };
		B42F47FA2F26FA600057284E /* HomeView.swift */ = {isa = PBXFileReference; lastKnownFileType = sourcecode.swift; path = HomeView.swift; sourceTree = "<group>"; };
		B42F47FB2F26FA600057284E /* HomeViewAsset.xcassets */ = {isa = PBXFileReference; lastKnownFileType = folder.assetcatalog; path = HomeViewAsset.xcassets; sourceTree = "<group>"; };
		B42F47FC2F26FA600057284E /* HomeViewModel.swift */ = {isa = PBXFileReference; lastKnownFileType = sourcecode.swift; path = HomeViewModel.swift; sourceTree = "<group>"; };
		B42F48062F26FAFD0057284E /* TabBar.swift */ = {isa = PBXFileReference; lastKnownFileType = sourcecode.swift; path = TabBar.swift; sourceTree = "<group>"; };
		B4B2BD3F2F07C3010036E720 /* Lumo.app */ = {isa = PBXFileReference; explicitFileType = wrapper.application; includeInIndex = 0; path = Lumo.app; sourceTree = BUILT_PRODUCTS_DIR; };
		B4B4DA9C2F2767C400C29EDC /* AddTaskView.swift */ = {isa = PBXFileReference; lastKnownFileType = sourcecode.swift; path = AddTaskView.swift; sourceTree = "<group>"; };
		B4B4DA9D2F2767C400C29EDC /* AddTypeSheet.swift */ = {isa = PBXFileReference; lastKnownFileType = sourcecode.swift; path = AddTypeSheet.swift; sourceTree = "<group>"; };
		B4B4DA9E2F2767C400C29EDC /* RoutineAssets.xcassets */ = {isa = PBXFileReference; lastKnownFileType = folder.assetcatalog; path = RoutineAssets.xcassets; sourceTree = "<group>"; };
		B4B4DA9F2F2767C400C29EDC /* RoutineCardView.swift */ = {isa = PBXFileReference; lastKnownFileType = sourcecode.swift; path = RoutineCardView.swift; sourceTree = "<group>"; };
		B4B4DAA02F2767C400C29EDC /* RoutineModel.swift */ = {isa = PBXFileReference; lastKnownFileType = sourcecode.swift; path = RoutineModel.swift; sourceTree = "<group>"; };
		B4B4DAA12F2767C400C29EDC /* RoutineTabBar.swift */ = {isa = PBXFileReference; lastKnownFileType = sourcecode.swift; path = RoutineTabBar.swift; sourceTree = "<group>"; };
		B4B4DAA22F2767C400C29EDC /* RoutineView.swift */ = {isa = PBXFileReference; lastKnownFileType = sourcecode.swift; path = RoutineView.swift; sourceTree = "<group>"; };
		B4B4DAA32F2767C400C29EDC /* RoutineViewModel.swift */ = {isa = PBXFileReference; lastKnownFileType = sourcecode.swift; path = RoutineViewModel.swift; sourceTree = "<group>"; };
		B4E284832F2C52BD00D8FD4D /* ProSectionView.swift */ = {isa = PBXFileReference; lastKnownFileType = sourcecode.swift; path = ProSectionView.swift; sourceTree = "<group>"; };
		B4E284862F2C71F900D8FD4D /* AdvancedSectionView.swift */ = {isa = PBXFileReference; lastKnownFileType = sourcecode.swift; path = AdvancedSectionView.swift; sourceTree = "<group>"; };
		B4E284892F2C863B00D8FD4D /* SupportSectionView.swift */ = {isa = PBXFileReference; lastKnownFileType = sourcecode.swift; path = SupportSectionView.swift; sourceTree = "<group>"; };
		B4E2848C2F2CA3F900D8FD4D /* ETCSectionView.swift */ = {isa = PBXFileReference; lastKnownFileType = sourcecode.swift; path = ETCSectionView.swift; sourceTree = "<group>"; };
		B4FD5F132F17DEE80022CF67 /* Info.plist */ = {isa = PBXFileReference; lastKnownFileType = text.plist.xml; path = Info.plist; sourceTree = "<group>"; };
		B4FD5F142F17DEE80022CF67 /* LumoApp.swift */ = {isa = PBXFileReference; lastKnownFileType = sourcecode.swift; path = LumoApp.swift; sourceTree = "<group>"; };
		B4FD5F2F2F17E61C0022CF67 /* Assets.xcassets */ = {isa = PBXFileReference; lastKnownFileType = folder.assetcatalog; path = Assets.xcassets; sourceTree = "<group>"; };
		B4FD5F312F17E61C0022CF67 /* OnBoardingModel.swift */ = {isa = PBXFileReference; lastKnownFileType = sourcecode.swift; path = OnBoardingModel.swift; sourceTree = "<group>"; };
		B4FD5F322F17E61C0022CF67 /* OnBoardingPartTodoWrite.md */ = {isa = PBXFileReference; lastKnownFileType = net.daringfireball.markdown; path = OnBoardingPartTodoWrite.md; sourceTree = "<group>"; };
		B4FD5F332F17E61C0022CF67 /* OnBoardingView.swift */ = {isa = PBXFileReference; lastKnownFileType = sourcecode.swift; path = OnBoardingView.swift; sourceTree = "<group>"; };
/* End PBXFileReference section */

/* Begin PBXFileSystemSynchronizedRootGroup section */
		B4FD5FC22F1A35B30022CF67 /* InitialSetup */ = {
			isa = PBXFileSystemSynchronizedRootGroup;
			path = InitialSetup;
			sourceTree = "<group>";
		};
		B4FD5FDE2F1A35B90022CF67 /* Resources */ = {
			isa = PBXFileSystemSynchronizedRootGroup;
			path = Resources;
			sourceTree = "<group>";
		};
		B4FD5FE82F1A3BAF0022CF67 /* Domain */ = {
			isa = PBXFileSystemSynchronizedRootGroup;
			path = Domain;
			sourceTree = "<group>";
		};
/* End PBXFileSystemSynchronizedRootGroup section */

/* Begin PBXFrameworksBuildPhase section */
		B4B2BD3C2F07C3010036E720 /* Frameworks */ = {
			isa = PBXFrameworksBuildPhase;
			buildActionMask = 2147483647;
			files = (
				B42F480C2F26FDE60057284E /* Moya in Frameworks */,
				B42F480A2F26FDE60057284E /* CombineMoya in Frameworks */,
				B42F48102F26FDE60057284E /* RxMoya in Frameworks */,
				B42F480E2F26FDE60057284E /* ReactiveMoya in Frameworks */,
			);
			runOnlyForDeploymentPostprocessing = 0;
		};
/* End PBXFrameworksBuildPhase section */

/* Begin PBXGroup section */
		348C8B602F345FDD00C384BC /* BriefingVoiceSetting */ = {
			isa = PBXGroup;
			children = (
				348C8B612F345FF000C384BC /* BriefingVoiceViewModel.swift */,
				348C8B632F345FF700C384BC /* BriefingVoiceView.swift */,
			);
			path = BriefingVoiceSetting;
			sourceTree = "<group>";
		};
		34A2B3C92F317E9700F3B9A8 /* MissionAlarmSetting */ = {
			isa = PBXGroup;
			children = (
				34A2B45D2F318C6C00F3B9A8 /* MissionAlarmSettingView.swift */,
				34A2B4612F3193F200F3B9A8 /* MissionAlarmSettingViewModel.swift */,
			);
			path = MissionAlarmSetting;
			sourceTree = "<group>";
		};
		34A2B4F52F31C29800F3B9A8 /* ScreenThemeSetting */ = {
			isa = PBXGroup;
			children = (
				34A2B4F82F31C38B00F3B9A8 /* ScreenThemeSettingView.swift */,
				34A2B4FA2F31C39800F3B9A8 /* ScreenThemeSettingViewModel.swift */,
			);
			path = ScreenThemeSetting;
			sourceTree = "<group>";
		};
		34A2B4FC2F31C52200F3B9A8 /* Components */ = {
			isa = PBXGroup;
			children = (
				34A2B4FD2F31C53B00F3B9A8 /* TopNavigationBar.swift */,
			);
			path = Components;
			sourceTree = "<group>";
		};
		B40A01112F2B921500687C64 /* Setting */ = {
			isa = PBXGroup;
			children = (
				34A2B4FC2F31C52200F3B9A8 /* Components */,
				B40A01142F2B923E00687C64 /* ViewModel */,
				B40A01132F2B923800687C64 /* Model */,
				B40A01122F2B923100687C64 /* View */,
				B40A01172F2BB03300687C64 /* SettingAssets.xcassets */,
			);
			path = Setting;
			sourceTree = "<group>";
		};
		B40A01122F2B923100687C64 /* View */ = {
			isa = PBXGroup;
			children = (
				B4E2848B2F2CA3EB00D8FD4D /* ETC */,
				B4E284882F2C863000D8FD4D /* Support */,
				B4E284852F2C71DC00D8FD4D /* Advanced */,
				B4E284822F2C529300D8FD4D /* Pro */,
				B40A01282F2BD04100687C64 /* Login */,
				B40A01152F2BA14000687C64 /* ProfileSettingView.swift */,
			);
			path = View;
			sourceTree = "<group>";
		};
		B40A01132F2B923800687C64 /* Model */ = {
			isa = PBXGroup;
			children = (
			);
			path = Model;
			sourceTree = "<group>";
		};
		B40A01142F2B923E00687C64 /* ViewModel */ = {
			isa = PBXGroup;
			children = (
			);
			path = ViewModel;
			sourceTree = "<group>";
		};
		B40A01262F2BBB7400687C64 /* Network */ = {
			isa = PBXGroup;
			children = (
				B40A01252F2BBB7400687C64 /* APIManager.swift */,
				34A2B45F2F318E1700F3B9A8 /* AdvancedSettingTarget.swift */,
			);
			path = Network;
			sourceTree = "<group>";
		};
		B40A01282F2BD04100687C64 /* Login */ = {
			isa = PBXGroup;
			children = (
				B40A01292F2BD22D00687C64 /* LoginSectionView.swift */,
			);
			path = Login;
			sourceTree = "<group>";
		};
		B42F47F72F26FA600057284E /* TodoSetting */ = {
			isa = PBXGroup;
			children = (
				B42F47F42F26FA600057284E /* TodoSettingModel.swift */,
				B42F47F52F26FA600057284E /* TodoSettingView.swift */,
				B42F47F62F26FA600057284E /* TodoSettingViewModel.swift */,
			);
			path = TodoSetting;
			sourceTree = "<group>";
		};
		B42F47FD2F26FA600057284E /* HomePart */ = {
			isa = PBXGroup;
			children = (
				B42F47F72F26FA600057284E /* TodoSetting */,
				B42F47F82F26FA600057284E /* HomeModel.swift */,
				B42F47F92F26FA600057284E /* HomePartTodoWrite.md */,
				B42F47FA2F26FA600057284E /* HomeView.swift */,
				B42F47FB2F26FA600057284E /* HomeViewAsset.xcassets */,
				B42F47FC2F26FA600057284E /* HomeViewModel.swift */,
			);
			path = HomePart;
			sourceTree = "<group>";
		};
		B4B2BD362F07C3010036E720 = {
			isa = PBXGroup;
			children = (
				B40A01262F2BBB7400687C64 /* Network */,
				B40A01112F2B921500687C64 /* Setting */,
				B4B4DAA42F2767C400C29EDC /* Routine */,
				B42F48062F26FAFD0057284E /* TabBar.swift */,
				B42F47FD2F26FA600057284E /* HomePart */,
				B4FD5F142F17DEE80022CF67 /* LumoApp.swift */,
				B4FD5FE82F1A3BAF0022CF67 /* Domain */,
				B4FD5FC22F1A35B30022CF67 /* InitialSetup */,
				B4FD5F352F17E61C0022CF67 /* OnBoardingPart */,
				B4B2BD402F07C3010036E720 /* Products */,
				B4FD5FDE2F1A35B90022CF67 /* Resources */,
				B4FD5F2F2F17E61C0022CF67 /* Assets.xcassets */,
				B4FD5F132F17DEE80022CF67 /* Info.plist */,
			);
			sourceTree = "<group>";
		};
		B4B2BD402F07C3010036E720 /* Products */ = {
			isa = PBXGroup;
			children = (
				B4B2BD3F2F07C3010036E720 /* Lumo.app */,
			);
			name = Products;
			sourceTree = "<group>";
		};
		B4B4DAA42F2767C400C29EDC /* Routine */ = {
			isa = PBXGroup;
			children = (
				B4B4DA9C2F2767C400C29EDC /* AddTaskView.swift */,
				B4B4DA9D2F2767C400C29EDC /* AddTypeSheet.swift */,
				B4B4DA9E2F2767C400C29EDC /* RoutineAssets.xcassets */,
				B4B4DA9F2F2767C400C29EDC /* RoutineCardView.swift */,
				B4B4DAA02F2767C400C29EDC /* RoutineModel.swift */,
				B4B4DAA12F2767C400C29EDC /* RoutineTabBar.swift */,
				B4B4DAA22F2767C400C29EDC /* RoutineView.swift */,
				B4B4DAA32F2767C400C29EDC /* RoutineViewModel.swift */,
			);
			path = Routine;
			sourceTree = "<group>";
		};
		B4E284822F2C529300D8FD4D /* Pro */ = {
			isa = PBXGroup;
			children = (
				B4E284832F2C52BD00D8FD4D /* ProSectionView.swift */,
			);
			path = Pro;
			sourceTree = "<group>";
		};
		B4E284852F2C71DC00D8FD4D /* Advanced */ = {
			isa = PBXGroup;
			children = (
				348C8B602F345FDD00C384BC /* BriefingVoiceSetting */,
				34A2B4F52F31C29800F3B9A8 /* ScreenThemeSetting */,
				34A2B3C92F317E9700F3B9A8 /* MissionAlarmSetting */,
				B4E284862F2C71F900D8FD4D /* AdvancedSectionView.swift */,
				34A2B4F62F31C30D00F3B9A8 /* AdvancedSettingModel.swift */,
			);
			path = Advanced;
			sourceTree = "<group>";
		};
		B4E284882F2C863000D8FD4D /* Support */ = {
			isa = PBXGroup;
			children = (
				B4E284892F2C863B00D8FD4D /* SupportSectionView.swift */,
			);
			path = Support;
			sourceTree = "<group>";
		};
		B4E2848B2F2CA3EB00D8FD4D /* ETC */ = {
			isa = PBXGroup;
			children = (
				B4E2848C2F2CA3F900D8FD4D /* ETCSectionView.swift */,
			);
			path = ETC;
			sourceTree = "<group>";
		};
		B4FD5F352F17E61C0022CF67 /* OnBoardingPart */ = {
			isa = PBXGroup;
			children = (
				B4FD5F312F17E61C0022CF67 /* OnBoardingModel.swift */,
				B4FD5F322F17E61C0022CF67 /* OnBoardingPartTodoWrite.md */,
				B4FD5F332F17E61C0022CF67 /* OnBoardingView.swift */,
			);
			path = OnBoardingPart;
			sourceTree = "<group>";
		};
/* End PBXGroup section */

/* Begin PBXNativeTarget section */
		B4B2BD3E2F07C3010036E720 /* Lumo */ = {
			isa = PBXNativeTarget;
			buildConfigurationList = B4B2BD4A2F07C3020036E720 /* Build configuration list for PBXNativeTarget "Lumo" */;
			buildPhases = (
				B4B2BD3B2F07C3010036E720 /* Sources */,
				B4B2BD3C2F07C3010036E720 /* Frameworks */,
				B4B2BD3D2F07C3010036E720 /* Resources */,
			);
			buildRules = (
			);
			dependencies = (
			);
			fileSystemSynchronizedGroups = (
				B4FD5FC22F1A35B30022CF67 /* InitialSetup */,
				B4FD5FDE2F1A35B90022CF67 /* Resources */,
				B4FD5FE82F1A3BAF0022CF67 /* Domain */,
			);
			name = Lumo;
			packageProductDependencies = (
				B42F48092F26FDE60057284E /* CombineMoya */,
				B42F480B2F26FDE60057284E /* Moya */,
				B42F480D2F26FDE60057284E /* ReactiveMoya */,
				B42F480F2F26FDE60057284E /* RxMoya */,
			);
			productName = Lumo;
			productReference = B4B2BD3F2F07C3010036E720 /* Lumo.app */;
			productType = "com.apple.product-type.application";
		};
/* End PBXNativeTarget section */

/* Begin PBXProject section */
		B4B2BD372F07C3010036E720 /* Project object */ = {
			isa = PBXProject;
			attributes = {
				BuildIndependentTargetsInParallel = 1;
				LastSwiftUpdateCheck = 2620;
				LastUpgradeCheck = 2620;
				TargetAttributes = {
					B4B2BD3E2F07C3010036E720 = {
						CreatedOnToolsVersion = 26.2;
					};
				};
			};
			buildConfigurationList = B4B2BD3A2F07C3010036E720 /* Build configuration list for PBXProject "Lumo" */;
			developmentRegion = en;
			hasScannedForEncodings = 0;
			knownRegions = (
				en,
				Base,
			);
			mainGroup = B4B2BD362F07C3010036E720;
			minimizedProjectReferenceProxies = 1;
			packageReferences = (
				B42F48082F26FDE60057284E /* XCRemoteSwiftPackageReference "Moya" */,
			);
			preferredProjectObjectVersion = 77;
			productRefGroup = B4B2BD402F07C3010036E720 /* Products */;
			projectDirPath = "";
			projectRoot = "";
			targets = (
				B4B2BD3E2F07C3010036E720 /* Lumo */,
			);
		};
/* End PBXProject section */

/* Begin PBXResourcesBuildPhase section */
		B4B2BD3D2F07C3010036E720 /* Resources */ = {
			isa = PBXResourcesBuildPhase;
			buildActionMask = 2147483647;
			files = (
				B4FD5F372F17E61C0022CF67 /* OnBoardingPartTodoWrite.md in Resources */,
				B42F48042F26FA600057284E /* HomeViewAsset.xcassets in Resources */,
				B4B4DAAC2F2767C400C29EDC /* RoutineAssets.xcassets in Resources */,
				B42F48052F26FA600057284E /* HomePartTodoWrite.md in Resources */,
				B4FD5F382F17E61C0022CF67 /* Assets.xcassets in Resources */,
				B40A01182F2BB03300687C64 /* SettingAssets.xcassets in Resources */,
			);
			runOnlyForDeploymentPostprocessing = 0;
		};
/* End PBXResourcesBuildPhase section */

/* Begin PBXSourcesBuildPhase section */
		B4B2BD3B2F07C3010036E720 /* Sources */ = {
			isa = PBXSourcesBuildPhase;
			buildActionMask = 2147483647;
			files = (
				B4E2848A2F2C864300D8FD4D /* SupportSectionView.swift in Sources */,
				34A2B4F72F31C30D00F3B9A8 /* AdvancedSettingModel.swift in Sources */,
				B4FD5F392F17E61C0022CF67 /* OnBoardingView.swift in Sources */,
				B4FD5F3B2F17E61C0022CF67 /* OnBoardingModel.swift in Sources */,
				B42F48072F26FAFD0057284E /* TabBar.swift in Sources */,
				B40A01272F2BBB7400687C64 /* APIManager.swift in Sources */,
				B42F47FE2F26FA600057284E /* TodoSettingView.swift in Sources */,
				B42F47FF2F26FA600057284E /* TodoSettingViewModel.swift in Sources */,
				B42F48002F26FA600057284E /* HomeModel.swift in Sources */,
				B42F48012F26FA600057284E /* TodoSettingModel.swift in Sources */,
				B42F48022F26FA600057284E /* HomeView.swift in Sources */,
				B42F48032F26FA600057284E /* HomeViewModel.swift in Sources */,
				B4FD5F2E2F17DEE80022CF67 /* LumoApp.swift in Sources */,
				34A2B45E2F318C6C00F3B9A8 /* MissionAlarmSettingView.swift in Sources */,
				B4E2848D2F2CA3FC00D8FD4D /* ETCSectionView.swift in Sources */,
				B4E284872F2C720000D8FD4D /* AdvancedSectionView.swift in Sources */,
				348C8B642F345FF700C384BC /* BriefingVoiceView.swift in Sources */,
				B4E284842F2C52C200D8FD4D /* ProSectionView.swift in Sources */,
				B40A012A2F2BD24D00687C64 /* LoginSectionView.swift in Sources */,
				B40A01162F2BA23D00687C64 /* ProfileSettingView.swift in Sources */,
				34A2B4602F318E1700F3B9A8 /* AdvancedSettingTarget.swift in Sources */,
				B4B4DAA52F2767C400C29EDC /* AddTaskView.swift in Sources */,
				34A2B4622F3193F200F3B9A8 /* MissionAlarmSettingViewModel.swift in Sources */,
				B4B4DAA62F2767C400C29EDC /* AddTypeSheet.swift in Sources */,
				348C8B622F345FF000C384BC /* BriefingVoiceViewModel.swift in Sources */,
				34A2B4F92F31C38B00F3B9A8 /* ScreenThemeSettingView.swift in Sources */,
				34A2B4FE2F31C53B00F3B9A8 /* TopNavigationBar.swift in Sources */,
				34A2B4FB2F31C39800F3B9A8 /* ScreenThemeSettingViewModel.swift in Sources */,
				B4B4DAA72F2767C400C29EDC /* RoutineView.swift in Sources */,
				B4B4DAA82F2767C400C29EDC /* RoutineViewModel.swift in Sources */,
				B4B4DAA92F2767C400C29EDC /* RoutineModel.swift in Sources */,
				B4B4DAAA2F2767C400C29EDC /* RoutineCardView.swift in Sources */,
				B4B4DAAB2F2767C400C29EDC /* RoutineTabBar.swift in Sources */,
			);
			runOnlyForDeploymentPostprocessing = 0;
		};
/* End PBXSourcesBuildPhase section */

/* Begin XCBuildConfiguration section */
		B4B2BD482F07C3020036E720 /* Debug */ = {
			isa = XCBuildConfiguration;
			buildSettings = {
				ALWAYS_SEARCH_USER_PATHS = NO;
				ASSETCATALOG_COMPILER_GENERATE_SWIFT_ASSET_SYMBOL_EXTENSIONS = YES;
				CLANG_ANALYZER_NONNULL = YES;
				CLANG_ANALYZER_NUMBER_OBJECT_CONVERSION = YES_AGGRESSIVE;
				CLANG_CXX_LANGUAGE_STANDARD = "gnu++20";
				CLANG_ENABLE_MODULES = YES;
				CLANG_ENABLE_OBJC_ARC = YES;
				CLANG_ENABLE_OBJC_WEAK = YES;
				CLANG_WARN_BLOCK_CAPTURE_AUTORELEASING = YES;
				CLANG_WARN_BOOL_CONVERSION = YES;
				CLANG_WARN_COMMA = YES;
				CLANG_WARN_CONSTANT_CONVERSION = YES;
				CLANG_WARN_DEPRECATED_OBJC_IMPLEMENTATIONS = YES;
				CLANG_WARN_DIRECT_OBJC_ISA_USAGE = YES_ERROR;
				CLANG_WARN_DOCUMENTATION_COMMENTS = YES;
				CLANG_WARN_EMPTY_BODY = YES;
				CLANG_WARN_ENUM_CONVERSION = YES;
				CLANG_WARN_INFINITE_RECURSION = YES;
				CLANG_WARN_INT_CONVERSION = YES;
				CLANG_WARN_NON_LITERAL_NULL_CONVERSION = YES;
				CLANG_WARN_OBJC_IMPLICIT_RETAIN_SELF = YES;
				CLANG_WARN_OBJC_LITERAL_CONVERSION = YES;
				CLANG_WARN_OBJC_ROOT_CLASS = YES_ERROR;
				CLANG_WARN_QUOTED_INCLUDE_IN_FRAMEWORK_HEADER = YES;
				CLANG_WARN_RANGE_LOOP_ANALYSIS = YES;
				CLANG_WARN_STRICT_PROTOTYPES = YES;
				CLANG_WARN_SUSPICIOUS_MOVE = YES;
				CLANG_WARN_UNGUARDED_AVAILABILITY = YES_AGGRESSIVE;
				CLANG_WARN_UNREACHABLE_CODE = YES;
				CLANG_WARN__DUPLICATE_METHOD_MATCH = YES;
				COPY_PHASE_STRIP = NO;
				DEBUG_INFORMATION_FORMAT = dwarf;
				DEVELOPMENT_TEAM = 32UGN86SXU;
				ENABLE_STRICT_OBJC_MSGSEND = YES;
				ENABLE_TESTABILITY = YES;
				ENABLE_USER_SCRIPT_SANDBOXING = YES;
				GCC_C_LANGUAGE_STANDARD = gnu17;
				GCC_DYNAMIC_NO_PIC = NO;
				GCC_NO_COMMON_BLOCKS = YES;
				GCC_OPTIMIZATION_LEVEL = 0;
				GCC_PREPROCESSOR_DEFINITIONS = (
					"DEBUG=1",
					"$(inherited)",
				);
				GCC_WARN_64_TO_32_BIT_CONVERSION = YES;
				GCC_WARN_ABOUT_RETURN_TYPE = YES_ERROR;
				GCC_WARN_UNDECLARED_SELECTOR = YES;
				GCC_WARN_UNINITIALIZED_AUTOS = YES_AGGRESSIVE;
				GCC_WARN_UNUSED_FUNCTION = YES;
				GCC_WARN_UNUSED_VARIABLE = YES;
				IPHONEOS_DEPLOYMENT_TARGET = 26.0;
				LOCALIZATION_PREFERS_STRING_CATALOGS = YES;
				MTL_ENABLE_DEBUG_INFO = INCLUDE_SOURCE;
				MTL_FAST_MATH = YES;
				ONLY_ACTIVE_ARCH = YES;
				SDKROOT = iphoneos;
				SWIFT_ACTIVE_COMPILATION_CONDITIONS = "DEBUG $(inherited)";
				SWIFT_OPTIMIZATION_LEVEL = "-Onone";
			};
			name = Debug;
		};
		B4B2BD492F07C3020036E720 /* Release */ = {
			isa = XCBuildConfiguration;
			buildSettings = {
				ALWAYS_SEARCH_USER_PATHS = NO;
				ASSETCATALOG_COMPILER_GENERATE_SWIFT_ASSET_SYMBOL_EXTENSIONS = YES;
				CLANG_ANALYZER_NONNULL = YES;
				CLANG_ANALYZER_NUMBER_OBJECT_CONVERSION = YES_AGGRESSIVE;
				CLANG_CXX_LANGUAGE_STANDARD = "gnu++20";
				CLANG_ENABLE_MODULES = YES;
				CLANG_ENABLE_OBJC_ARC = YES;
				CLANG_ENABLE_OBJC_WEAK = YES;
				CLANG_WARN_BLOCK_CAPTURE_AUTORELEASING = YES;
				CLANG_WARN_BOOL_CONVERSION = YES;
				CLANG_WARN_COMMA = YES;
				CLANG_WARN_CONSTANT_CONVERSION = YES;
				CLANG_WARN_DEPRECATED_OBJC_IMPLEMENTATIONS = YES;
				CLANG_WARN_DIRECT_OBJC_ISA_USAGE = YES_ERROR;
				CLANG_WARN_DOCUMENTATION_COMMENTS = YES;
				CLANG_WARN_EMPTY_BODY = YES;
				CLANG_WARN_ENUM_CONVERSION = YES;
				CLANG_WARN_INFINITE_RECURSION = YES;
				CLANG_WARN_INT_CONVERSION = YES;
				CLANG_WARN_NON_LITERAL_NULL_CONVERSION = YES;
				CLANG_WARN_OBJC_IMPLICIT_RETAIN_SELF = YES;
				CLANG_WARN_OBJC_LITERAL_CONVERSION = YES;
				CLANG_WARN_OBJC_ROOT_CLASS = YES_ERROR;
				CLANG_WARN_QUOTED_INCLUDE_IN_FRAMEWORK_HEADER = YES;
				CLANG_WARN_RANGE_LOOP_ANALYSIS = YES;
				CLANG_WARN_STRICT_PROTOTYPES = YES;
				CLANG_WARN_SUSPICIOUS_MOVE = YES;
				CLANG_WARN_UNGUARDED_AVAILABILITY = YES_AGGRESSIVE;
				CLANG_WARN_UNREACHABLE_CODE = YES;
				CLANG_WARN__DUPLICATE_METHOD_MATCH = YES;
				COPY_PHASE_STRIP = NO;
				DEBUG_INFORMATION_FORMAT = "dwarf-with-dsym";
				DEVELOPMENT_TEAM = 32UGN86SXU;
				ENABLE_NS_ASSERTIONS = NO;
				ENABLE_STRICT_OBJC_MSGSEND = YES;
				ENABLE_USER_SCRIPT_SANDBOXING = YES;
				GCC_C_LANGUAGE_STANDARD = gnu17;
				GCC_NO_COMMON_BLOCKS = YES;
				GCC_WARN_64_TO_32_BIT_CONVERSION = YES;
				GCC_WARN_ABOUT_RETURN_TYPE = YES_ERROR;
				GCC_WARN_UNDECLARED_SELECTOR = YES;
				GCC_WARN_UNINITIALIZED_AUTOS = YES_AGGRESSIVE;
				GCC_WARN_UNUSED_FUNCTION = YES;
				GCC_WARN_UNUSED_VARIABLE = YES;
				IPHONEOS_DEPLOYMENT_TARGET = 26.0;
				LOCALIZATION_PREFERS_STRING_CATALOGS = YES;
				MTL_ENABLE_DEBUG_INFO = NO;
				MTL_FAST_MATH = YES;
				SDKROOT = iphoneos;
				SWIFT_COMPILATION_MODE = wholemodule;
				VALIDATE_PRODUCT = YES;
			};
			name = Release;
		};
		B4B2BD4B2F07C3020036E720 /* Debug */ = {
			isa = XCBuildConfiguration;
			buildSettings = {
				ASSETCATALOG_COMPILER_APPICON_NAME = AppIcon;
				ASSETCATALOG_COMPILER_GLOBAL_ACCENT_COLOR_NAME = AccentColor;
				CODE_SIGN_STYLE = Automatic;
				CURRENT_PROJECT_VERSION = 1;
				DEVELOPMENT_TEAM = 32UGN86SXU;
				ENABLE_PREVIEWS = YES;
				GENERATE_INFOPLIST_FILE = YES;
				INFOPLIST_FILE = Info.plist;
				INFOPLIST_KEY_UIApplicationSceneManifest_Generation = YES;
				INFOPLIST_KEY_UIApplicationSupportsIndirectInputEvents = YES;
				INFOPLIST_KEY_UILaunchScreen_Generation = YES;
				INFOPLIST_KEY_UISupportedInterfaceOrientations_iPad = "UIInterfaceOrientationPortrait UIInterfaceOrientationPortraitUpsideDown UIInterfaceOrientationLandscapeLeft UIInterfaceOrientationLandscapeRight";
				INFOPLIST_KEY_UISupportedInterfaceOrientations_iPhone = "UIInterfaceOrientationPortrait UIInterfaceOrientationLandscapeLeft UIInterfaceOrientationLandscapeRight";
				IPHONEOS_DEPLOYMENT_TARGET = 26.0;
				LD_RUNPATH_SEARCH_PATHS = (
					"$(inherited)",
					"@executable_path/Frameworks",
				);
				MARKETING_VERSION = 1.0;
				PRODUCT_BUNDLE_IDENTIFIER = com.ant.Lumo;
				PRODUCT_NAME = "$(TARGET_NAME)";
				STRING_CATALOG_GENERATE_SYMBOLS = YES;
				SWIFT_APPROACHABLE_CONCURRENCY = YES;
				SWIFT_DEFAULT_ACTOR_ISOLATION = MainActor;
				SWIFT_EMIT_LOC_STRINGS = YES;
				SWIFT_UPCOMING_FEATURE_MEMBER_IMPORT_VISIBILITY = YES;
				SWIFT_VERSION = 6.0;
				TARGETED_DEVICE_FAMILY = 1;
			};
			name = Debug;
		};
		B4B2BD4C2F07C3020036E720 /* Release */ = {
			isa = XCBuildConfiguration;
			buildSettings = {
				ASSETCATALOG_COMPILER_APPICON_NAME = AppIcon;
				ASSETCATALOG_COMPILER_GLOBAL_ACCENT_COLOR_NAME = AccentColor;
				CODE_SIGN_STYLE = Automatic;
				CURRENT_PROJECT_VERSION = 1;
				DEVELOPMENT_TEAM = 32UGN86SXU;
				ENABLE_PREVIEWS = YES;
				GENERATE_INFOPLIST_FILE = YES;
				INFOPLIST_FILE = Info.plist;
				INFOPLIST_KEY_UIApplicationSceneManifest_Generation = YES;
				INFOPLIST_KEY_UIApplicationSupportsIndirectInputEvents = YES;
				INFOPLIST_KEY_UILaunchScreen_Generation = YES;
				INFOPLIST_KEY_UISupportedInterfaceOrientations_iPad = "UIInterfaceOrientationPortrait UIInterfaceOrientationPortraitUpsideDown UIInterfaceOrientationLandscapeLeft UIInterfaceOrientationLandscapeRight";
				INFOPLIST_KEY_UISupportedInterfaceOrientations_iPhone = "UIInterfaceOrientationPortrait UIInterfaceOrientationLandscapeLeft UIInterfaceOrientationLandscapeRight";
				IPHONEOS_DEPLOYMENT_TARGET = 26.0;
				LD_RUNPATH_SEARCH_PATHS = (
					"$(inherited)",
					"@executable_path/Frameworks",
				);
				MARKETING_VERSION = 1.0;
				PRODUCT_BUNDLE_IDENTIFIER = com.ant.Lumo;
				PRODUCT_NAME = "$(TARGET_NAME)";
				STRING_CATALOG_GENERATE_SYMBOLS = YES;
				SWIFT_APPROACHABLE_CONCURRENCY = YES;
				SWIFT_DEFAULT_ACTOR_ISOLATION = MainActor;
				SWIFT_EMIT_LOC_STRINGS = YES;
				SWIFT_UPCOMING_FEATURE_MEMBER_IMPORT_VISIBILITY = YES;
				SWIFT_VERSION = 6.0;
				TARGETED_DEVICE_FAMILY = 1;
			};
			name = Release;
		};
/* End XCBuildConfiguration section */

/* Begin XCConfigurationList section */
		B4B2BD3A2F07C3010036E720 /* Build configuration list for PBXProject "Lumo" */ = {
			isa = XCConfigurationList;
			buildConfigurations = (
				B4B2BD482F07C3020036E720 /* Debug */,
				B4B2BD492F07C3020036E720 /* Release */,
			);
			defaultConfigurationIsVisible = 0;
			defaultConfigurationName = Release;
		};
		B4B2BD4A2F07C3020036E720 /* Build configuration list for PBXNativeTarget "Lumo" */ = {
			isa = XCConfigurationList;
			buildConfigurations = (
				B4B2BD4B2F07C3020036E720 /* Debug */,
				B4B2BD4C2F07C3020036E720 /* Release */,
			);
			defaultConfigurationIsVisible = 0;
			defaultConfigurationName = Release;
		};
/* End XCConfigurationList section */

/* Begin XCRemoteSwiftPackageReference section */
		B42F48082F26FDE60057284E /* XCRemoteSwiftPackageReference "Moya" */ = {
			isa = XCRemoteSwiftPackageReference;
			repositoryURL = "https://github.com/Moya/Moya";
			requirement = {
				kind = upToNextMajorVersion;
				minimumVersion = 15.0.3;
			};
		};
/* End XCRemoteSwiftPackageReference section */

/* Begin XCSwiftPackageProductDependency section */
		B42F48092F26FDE60057284E /* CombineMoya */ = {
			isa = XCSwiftPackageProductDependency;
			package = B42F48082F26FDE60057284E /* XCRemoteSwiftPackageReference "Moya" */;
			productName = CombineMoya;
		};
		B42F480B2F26FDE60057284E /* Moya */ = {
			isa = XCSwiftPackageProductDependency;
			package = B42F48082F26FDE60057284E /* XCRemoteSwiftPackageReference "Moya" */;
			productName = Moya;
		};
		B42F480D2F26FDE60057284E /* ReactiveMoya */ = {
			isa = XCSwiftPackageProductDependency;
			package = B42F48082F26FDE60057284E /* XCRemoteSwiftPackageReference "Moya" */;
			productName = ReactiveMoya;
		};
		B42F480F2F26FDE60057284E /* RxMoya */ = {
			isa = XCSwiftPackageProductDependency;
			package = B42F48082F26FDE60057284E /* XCRemoteSwiftPackageReference "Moya" */;
			productName = RxMoya;
		};
/* End XCSwiftPackageProductDependency section */
	};
	rootObject = B4B2BD372F07C3010036E720 /* Project object */;
}
