// !$*UTF8*$!
{
	archiveVersion = 1;
	classes = {
	};
	objectVersion = 77;
	objects = {

/* Begin PBXBuildFile section */
		B4301E812F1BA678002B4356 /* RoutineView.swift in Sources */ = {isa = PBXBuildFile; fileRef = B4301E802F1BA478002B4356 /* RoutineView.swift */; };
		B4301E832F1D501C002B4356 /* RoutineModel.swift in Sources */ = {isa = PBXBuildFile; fileRef = B4301E822F1D5018002B4356 /* RoutineModel.swift */; };
		B4301E852F1D60F9002B4356 /* RoutineViewModel.swift in Sources */ = {isa = PBXBuildFile; fileRef = B4301E842F1D60F0002B4356 /* RoutineViewModel.swift */; };
		B47878C32F211A6B00DDF505 /* RoutineTabBar.swift in Sources */ = {isa = PBXBuildFile; fileRef = B47878C22F211A6500DDF505 /* RoutineTabBar.swift */; };
		B47878C52F21BA0000DDF505 /* RoutineCardView.swift in Sources */ = {isa = PBXBuildFile; fileRef = B47878C42F21B9DF00DDF505 /* RoutineCardView.swift */; };
		B47878C72F21F04B00DDF505 /* RoutineAssets.xcassets in Resources */ = {isa = PBXBuildFile; fileRef = B47878C62F21F04B00DDF505 /* RoutineAssets.xcassets */; };
		B47878C92F22109E00DDF505 /* AddTaskView.swift in Sources */ = {isa = PBXBuildFile; fileRef = B47878C82F22109800DDF505 /* AddTaskView.swift */; };
		B47878CB2F2210B400DDF505 /* AddTypeSheet.swift in Sources */ = {isa = PBXBuildFile; fileRef = B47878CA2F2210AB00DDF505 /* AddTypeSheet.swift */; };
		B4FD5F2E2F17DEE80022CF67 /* LumoApp.swift in Sources */ = {isa = PBXBuildFile; fileRef = B4FD5F142F17DEE80022CF67 /* LumoApp.swift */; };
		B4FD5F372F17E61C0022CF67 /* OnBoardingPartTodoWrite.md in Resources */ = {isa = PBXBuildFile; fileRef = B4FD5F322F17E61C0022CF67 /* OnBoardingPartTodoWrite.md */; };
		B4FD5F382F17E61C0022CF67 /* Assets.xcassets in Resources */ = {isa = PBXBuildFile; fileRef = B4FD5F2F2F17E61C0022CF67 /* Assets.xcassets */; };
		B4FD5F392F17E61C0022CF67 /* OnBoardingView.swift in Sources */ = {isa = PBXBuildFile; fileRef = B4FD5F332F17E61C0022CF67 /* OnBoardingView.swift */; };
		B4FD5F3B2F17E61C0022CF67 /* OnBoardingModel.swift in Sources */ = {isa = PBXBuildFile; fileRef = B4FD5F312F17E61C0022CF67 /* OnBoardingModel.swift */; };
/* End PBXBuildFile section */

/* Begin PBXFileReference section */
		B4301E802F1BA478002B4356 /* RoutineView.swift */ = {isa = PBXFileReference; lastKnownFileType = sourcecode.swift; path = RoutineView.swift; sourceTree = "<group>"; };
		B4301E822F1D5018002B4356 /* RoutineModel.swift */ = {isa = PBXFileReference; lastKnownFileType = sourcecode.swift; path = RoutineModel.swift; sourceTree = "<group>"; };
		B4301E842F1D60F0002B4356 /* RoutineViewModel.swift */ = {isa = PBXFileReference; lastKnownFileType = sourcecode.swift; path = RoutineViewModel.swift; sourceTree = "<group>"; };
		B47878C22F211A6500DDF505 /* RoutineTabBar.swift */ = {isa = PBXFileReference; lastKnownFileType = sourcecode.swift; path = RoutineTabBar.swift; sourceTree = "<group>"; };
		B47878C42F21B9DF00DDF505 /* RoutineCardView.swift */ = {isa = PBXFileReference; lastKnownFileType = sourcecode.swift; path = RoutineCardView.swift; sourceTree = "<group>"; };
		B47878C62F21F04B00DDF505 /* RoutineAssets.xcassets */ = {isa = PBXFileReference; lastKnownFileType = folder.assetcatalog; path = RoutineAssets.xcassets; sourceTree = "<group>"; };
		B47878C82F22109800DDF505 /* AddTaskView.swift */ = {isa = PBXFileReference; lastKnownFileType = sourcecode.swift; path = AddTaskView.swift; sourceTree = "<group>"; };
		B47878CA2F2210AB00DDF505 /* AddTypeSheet.swift */ = {isa = PBXFileReference; lastKnownFileType = sourcecode.swift; path = AddTypeSheet.swift; sourceTree = "<group>"; };
		B4B2BD3F2F07C3010036E720 /* Lumo.app */ = {isa = PBXFileReference; explicitFileType = wrapper.application; includeInIndex = 0; path = Lumo.app; sourceTree = BUILT_PRODUCTS_DIR; };
		B4FD5F132F17DEE80022CF67 /* Info.plist */ = {isa = PBXFileReference; lastKnownFileType = text.plist.xml; path = Info.plist; sourceTree = "<group>"; };
		B4FD5F142F17DEE80022CF67 /* LumoApp.swift */ = {isa = PBXFileReference; lastKnownFileType = sourcecode.swift; path = LumoApp.swift; sourceTree = "<group>"; };
		B4FD5F2F2F17E61C0022CF67 /* Assets.xcassets */ = {isa = PBXFileReference; lastKnownFileType = folder.assetcatalog; path = Assets.xcassets; sourceTree = "<group>"; };
		B4FD5F312F17E61C0022CF67 /* OnBoardingModel.swift */ = {isa = PBXFileReference; lastKnownFileType = sourcecode.swift; path = OnBoardingModel.swift; sourceTree = "<group>"; };
		B4FD5F322F17E61C0022CF67 /* OnBoardingPartTodoWrite.md */ = {isa = PBXFileReference; lastKnownFileType = net.daringfireball.markdown; path = OnBoardingPartTodoWrite.md; sourceTree = "<group>"; };
		B4FD5F332F17E61C0022CF67 /* OnBoardingView.swift */ = {isa = PBXFileReference; lastKnownFileType = sourcecode.swift; path = OnBoardingView.swift; sourceTree = "<group>"; };
/* End PBXFileReference section */

/* Begin PBXFileSystemSynchronizedRootGroup section */
		B4FD5FC22F1A35B30022CF67 /* InitialSetup */ = {
			isa = PBXFileSystemSynchronizedRootGroup;
			path = InitialSetup;
			sourceTree = "<group>";
		};
		B4FD5FDE2F1A35B90022CF67 /* Resources */ = {
			isa = PBXFileSystemSynchronizedRootGroup;
			path = Resources;
			sourceTree = "<group>";
		};
		B4FD5FE82F1A3BAF0022CF67 /* Domain */ = {
			isa = PBXFileSystemSynchronizedRootGroup;
			path = Domain;
			sourceTree = "<group>";
		};
/* End PBXFileSystemSynchronizedRootGroup section */

/* Begin PBXFrameworksBuildPhase section */
		B4B2BD3C2F07C3010036E720 /* Frameworks */ = {
			isa = PBXFrameworksBuildPhase;
			buildActionMask = 2147483647;
			files = (
			);
			runOnlyForDeploymentPostprocessing = 0;
		};
/* End PBXFrameworksBuildPhase section */

/* Begin PBXGroup section */
		B4301E7F2F1B9EB1002B4356 /* Routine */ = {
			isa = PBXGroup;
			children = (
				B47878CA2F2210AB00DDF505 /* AddTypeSheet.swift */,
				B47878C82F22109800DDF505 /* AddTaskView.swift */,
				B47878C42F21B9DF00DDF505 /* RoutineCardView.swift */,
				B47878C22F211A6500DDF505 /* RoutineTabBar.swift */,
				B4301E842F1D60F0002B4356 /* RoutineViewModel.swift */,
				B4301E822F1D5018002B4356 /* RoutineModel.swift */,
				B4301E802F1BA478002B4356 /* RoutineView.swift */,
				B47878C62F21F04B00DDF505 /* RoutineAssets.xcassets */,
			);
			path = Routine;
			sourceTree = "<group>";
		};
		B4B2BD362F07C3010036E720 = {
			isa = PBXGroup;
			children = (
				B4301E7F2F1B9EB1002B4356 /* Routine */,
				B4FD5F142F17DEE80022CF67 /* LumoApp.swift */,
				B4FD5FE82F1A3BAF0022CF67 /* Domain */,
				B4FD5FC22F1A35B30022CF67 /* InitialSetup */,
				B4FD5F352F17E61C0022CF67 /* OnBoardingPart */,
				B4B2BD402F07C3010036E720 /* Products */,
				B4FD5FDE2F1A35B90022CF67 /* Resources */,
				B4FD5F2F2F17E61C0022CF67 /* Assets.xcassets */,
				B4FD5F132F17DEE80022CF67 /* Info.plist */,
			);
			sourceTree = "<group>";
		};
		B4B2BD402F07C3010036E720 /* Products */ = {
			isa = PBXGroup;
			children = (
				B4B2BD3F2F07C3010036E720 /* Lumo.app */,
			);
			name = Products;
			sourceTree = "<group>";
		};
		B4FD5F352F17E61C0022CF67 /* OnBoardingPart */ = {
			isa = PBXGroup;
			children = (
				B4FD5F312F17E61C0022CF67 /* OnBoardingModel.swift */,
				B4FD5F322F17E61C0022CF67 /* OnBoardingPartTodoWrite.md */,
				B4FD5F332F17E61C0022CF67 /* OnBoardingView.swift */,
			);
			path = OnBoardingPart;
			sourceTree = "<group>";
		};
/* End PBXGroup section */

/* Begin PBXNativeTarget section */
		B4B2BD3E2F07C3010036E720 /* Lumo */ = {
			isa = PBXNativeTarget;
			buildConfigurationList = B4B2BD4A2F07C3020036E720 /* Build configuration list for PBXNativeTarget "Lumo" */;
			buildPhases = (
				B4B2BD3B2F07C3010036E720 /* Sources */,
				B4B2BD3C2F07C3010036E720 /* Frameworks */,
				B4B2BD3D2F07C3010036E720 /* Resources */,
			);
			buildRules = (
			);
			dependencies = (
			);
			fileSystemSynchronizedGroups = (
				B4FD5FC22F1A35B30022CF67 /* InitialSetup */,
				B4FD5FDE2F1A35B90022CF67 /* Resources */,
				B4FD5FE82F1A3BAF0022CF67 /* Domain */,
			);
			name = Lumo;
			packageProductDependencies = (
			);
			productName = Lumo;
			productReference = B4B2BD3F2F07C3010036E720 /* Lumo.app */;
			productType = "com.apple.product-type.application";
		};
/* End PBXNativeTarget section */

/* Begin PBXProject section */
		B4B2BD372F07C3010036E720 /* Project object */ = {
			isa = PBXProject;
			attributes = {
				BuildIndependentTargetsInParallel = 1;
				LastSwiftUpdateCheck = 2620;
				LastUpgradeCheck = 2620;
				TargetAttributes = {
					B4B2BD3E2F07C3010036E720 = {
						CreatedOnToolsVersion = 26.2;
					};
				};
			};
			buildConfigurationList = B4B2BD3A2F07C3010036E720 /* Build configuration list for PBXProject "Lumo" */;
			developmentRegion = en;
			hasScannedForEncodings = 0;
			knownRegions = (
				en,
				Base,
			);
			mainGroup = B4B2BD362F07C3010036E720;
			minimizedProjectReferenceProxies = 1;
			preferredProjectObjectVersion = 77;
			productRefGroup = B4B2BD402F07C3010036E720 /* Products */;
			projectDirPath = "";
			projectRoot = "";
			targets = (
				B4B2BD3E2F07C3010036E720 /* Lumo */,
			);
		};
/* End PBXProject section */

/* Begin PBXResourcesBuildPhase section */
		B4B2BD3D2F07C3010036E720 /* Resources */ = {
			isa = PBXResourcesBuildPhase;
			buildActionMask = 2147483647;
			files = (
				B4FD5F372F17E61C0022CF67 /* OnBoardingPartTodoWrite.md in Resources */,
				B47878C72F21F04B00DDF505 /* RoutineAssets.xcassets in Resources */,
				B4FD5F382F17E61C0022CF67 /* Assets.xcassets in Resources */,
			);
			runOnlyForDeploymentPostprocessing = 0;
		};
/* End PBXResourcesBuildPhase section */

/* Begin PBXSourcesBuildPhase section */
		B4B2BD3B2F07C3010036E720 /* Sources */ = {
			isa = PBXSourcesBuildPhase;
			buildActionMask = 2147483647;
			files = (
				B4301E832F1D501C002B4356 /* RoutineModel.swift in Sources */,
				B47878CB2F2210B400DDF505 /* AddTypeSheet.swift in Sources */,
				B4301E812F1BA678002B4356 /* RoutineView.swift in Sources */,
				B47878C92F22109E00DDF505 /* AddTaskView.swift in Sources */,
				B4301E852F1D60F9002B4356 /* RoutineViewModel.swift in Sources */,
				B4FD5F392F17E61C0022CF67 /* OnBoardingView.swift in Sources */,
				B4FD5F3B2F17E61C0022CF67 /* OnBoardingModel.swift in Sources */,
				B47878C52F21BA0000DDF505 /* RoutineCardView.swift in Sources */,
				B47878C32F211A6B00DDF505 /* RoutineTabBar.swift in Sources */,
				B4FD5F2E2F17DEE80022CF67 /* LumoApp.swift in Sources */,
			);
			runOnlyForDeploymentPostprocessing = 0;
		};
/* End PBXSourcesBuildPhase section */

/* Begin XCBuildConfiguration section */
		B4B2BD482F07C3020036E720 /* Debug */ = {
			isa = XCBuildConfiguration;
			buildSettings = {
				ALWAYS_SEARCH_USER_PATHS = NO;
				ASSETCATALOG_COMPILER_GENERATE_SWIFT_ASSET_SYMBOL_EXTENSIONS = YES;
				CLANG_ANALYZER_NONNULL = YES;
				CLANG_ANALYZER_NUMBER_OBJECT_CONVERSION = YES_AGGRESSIVE;
				CLANG_CXX_LANGUAGE_STANDARD = "gnu++20";
				CLANG_ENABLE_MODULES = YES;
				CLANG_ENABLE_OBJC_ARC = YES;
				CLANG_ENABLE_OBJC_WEAK = YES;
				CLANG_WARN_BLOCK_CAPTURE_AUTORELEASING = YES;
				CLANG_WARN_BOOL_CONVERSION = YES;
				CLANG_WARN_COMMA = YES;
				CLANG_WARN_CONSTANT_CONVERSION = YES;
				CLANG_WARN_DEPRECATED_OBJC_IMPLEMENTATIONS = YES;
				CLANG_WARN_DIRECT_OBJC_ISA_USAGE = YES_ERROR;
				CLANG_WARN_DOCUMENTATION_COMMENTS = YES;
				CLANG_WARN_EMPTY_BODY = YES;
				CLANG_WARN_ENUM_CONVERSION = YES;
				CLANG_WARN_INFINITE_RECURSION = YES;
				CLANG_WARN_INT_CONVERSION = YES;
				CLANG_WARN_NON_LITERAL_NULL_CONVERSION = YES;
				CLANG_WARN_OBJC_IMPLICIT_RETAIN_SELF = YES;
				CLANG_WARN_OBJC_LITERAL_CONVERSION = YES;
				CLANG_WARN_OBJC_ROOT_CLASS = YES_ERROR;
				CLANG_WARN_QUOTED_INCLUDE_IN_FRAMEWORK_HEADER = YES;
				CLANG_WARN_RANGE_LOOP_ANALYSIS = YES;
				CLANG_WARN_STRICT_PROTOTYPES = YES;
				CLANG_WARN_SUSPICIOUS_MOVE = YES;
				CLANG_WARN_UNGUARDED_AVAILABILITY = YES_AGGRESSIVE;
				CLANG_WARN_UNREACHABLE_CODE = YES;
				CLANG_WARN__DUPLICATE_METHOD_MATCH = YES;
				COPY_PHASE_STRIP = NO;
				DEBUG_INFORMATION_FORMAT = dwarf;
				DEVELOPMENT_TEAM = 32UGN86SXU;
				ENABLE_STRICT_OBJC_MSGSEND = YES;
				ENABLE_TESTABILITY = YES;
				ENABLE_USER_SCRIPT_SANDBOXING = YES;
				GCC_C_LANGUAGE_STANDARD = gnu17;
				GCC_DYNAMIC_NO_PIC = NO;
				GCC_NO_COMMON_BLOCKS = YES;
				GCC_OPTIMIZATION_LEVEL = 0;
				GCC_PREPROCESSOR_DEFINITIONS = (
					"DEBUG=1",
					"$(inherited)",
				);
				GCC_WARN_64_TO_32_BIT_CONVERSION = YES;
				GCC_WARN_ABOUT_RETURN_TYPE = YES_ERROR;
				GCC_WARN_UNDECLARED_SELECTOR = YES;
				GCC_WARN_UNINITIALIZED_AUTOS = YES_AGGRESSIVE;
				GCC_WARN_UNUSED_FUNCTION = YES;
				GCC_WARN_UNUSED_VARIABLE = YES;
				IPHONEOS_DEPLOYMENT_TARGET = 26.0;
				LOCALIZATION_PREFERS_STRING_CATALOGS = YES;
				MTL_ENABLE_DEBUG_INFO = INCLUDE_SOURCE;
				MTL_FAST_MATH = YES;
				ONLY_ACTIVE_ARCH = YES;
				SDKROOT = iphoneos;
				SWIFT_ACTIVE_COMPILATION_CONDITIONS = "DEBUG $(inherited)";
				SWIFT_OPTIMIZATION_LEVEL = "-Onone";
			};
			name = Debug;
		};
		B4B2BD492F07C3020036E720 /* Release */ = {
			isa = XCBuildConfiguration;
			buildSettings = {
				ALWAYS_SEARCH_USER_PATHS = NO;
				ASSETCATALOG_COMPILER_GENERATE_SWIFT_ASSET_SYMBOL_EXTENSIONS = YES;
				CLANG_ANALYZER_NONNULL = YES;
				CLANG_ANALYZER_NUMBER_OBJECT_CONVERSION = YES_AGGRESSIVE;
				CLANG_CXX_LANGUAGE_STANDARD = "gnu++20";
				CLANG_ENABLE_MODULES = YES;
				CLANG_ENABLE_OBJC_ARC = YES;
				CLANG_ENABLE_OBJC_WEAK = YES;
				CLANG_WARN_BLOCK_CAPTURE_AUTORELEASING = YES;
				CLANG_WARN_BOOL_CONVERSION = YES;
				CLANG_WARN_COMMA = YES;
				CLANG_WARN_CONSTANT_CONVERSION = YES;
				CLANG_WARN_DEPRECATED_OBJC_IMPLEMENTATIONS = YES;
				CLANG_WARN_DIRECT_OBJC_ISA_USAGE = YES_ERROR;
				CLANG_WARN_DOCUMENTATION_COMMENTS = YES;
				CLANG_WARN_EMPTY_BODY = YES;
				CLANG_WARN_ENUM_CONVERSION = YES;
				CLANG_WARN_INFINITE_RECURSION = YES;
				CLANG_WARN_INT_CONVERSION = YES;
				CLANG_WARN_NON_LITERAL_NULL_CONVERSION = YES;
				CLANG_WARN_OBJC_IMPLICIT_RETAIN_SELF = YES;
				CLANG_WARN_OBJC_LITERAL_CONVERSION = YES;
				CLANG_WARN_OBJC_ROOT_CLASS = YES_ERROR;
				CLANG_WARN_QUOTED_INCLUDE_IN_FRAMEWORK_HEADER = YES;
				CLANG_WARN_RANGE_LOOP_ANALYSIS = YES;
				CLANG_WARN_STRICT_PROTOTYPES = YES;
				CLANG_WARN_SUSPICIOUS_MOVE = YES;
				CLANG_WARN_UNGUARDED_AVAILABILITY = YES_AGGRESSIVE;
				CLANG_WARN_UNREACHABLE_CODE = YES;
				CLANG_WARN__DUPLICATE_METHOD_MATCH = YES;
				COPY_PHASE_STRIP = NO;
				DEBUG_INFORMATION_FORMAT = "dwarf-with-dsym";
				DEVELOPMENT_TEAM = 32UGN86SXU;
				ENABLE_NS_ASSERTIONS = NO;
				ENABLE_STRICT_OBJC_MSGSEND = YES;
				ENABLE_USER_SCRIPT_SANDBOXING = YES;
				GCC_C_LANGUAGE_STANDARD = gnu17;
				GCC_NO_COMMON_BLOCKS = YES;
				GCC_WARN_64_TO_32_BIT_CONVERSION = YES;
				GCC_WARN_ABOUT_RETURN_TYPE = YES_ERROR;
				GCC_WARN_UNDECLARED_SELECTOR = YES;
				GCC_WARN_UNINITIALIZED_AUTOS = YES_AGGRESSIVE;
				GCC_WARN_UNUSED_FUNCTION = YES;
				GCC_WARN_UNUSED_VARIABLE = YES;
				IPHONEOS_DEPLOYMENT_TARGET = 26.0;
				LOCALIZATION_PREFERS_STRING_CATALOGS = YES;
				MTL_ENABLE_DEBUG_INFO = NO;
				MTL_FAST_MATH = YES;
				SDKROOT = iphoneos;
				SWIFT_COMPILATION_MODE = wholemodule;
				VALIDATE_PRODUCT = YES;
			};
			name = Release;
		};
		B4B2BD4B2F07C3020036E720 /* Debug */ = {
			isa = XCBuildConfiguration;
			buildSettings = {
				ASSETCATALOG_COMPILER_APPICON_NAME = AppIcon;
				ASSETCATALOG_COMPILER_GLOBAL_ACCENT_COLOR_NAME = AccentColor;
				CODE_SIGN_STYLE = Automatic;
				CURRENT_PROJECT_VERSION = 1;
				DEVELOPMENT_TEAM = 32UGN86SXU;
				ENABLE_PREVIEWS = YES;
				GENERATE_INFOPLIST_FILE = YES;
				INFOPLIST_FILE = Info.plist;
				INFOPLIST_KEY_UIApplicationSceneManifest_Generation = YES;
				INFOPLIST_KEY_UIApplicationSupportsIndirectInputEvents = YES;
				INFOPLIST_KEY_UILaunchScreen_Generation = YES;
				INFOPLIST_KEY_UISupportedInterfaceOrientations_iPad = "UIInterfaceOrientationPortrait UIInterfaceOrientationPortraitUpsideDown UIInterfaceOrientationLandscapeLeft UIInterfaceOrientationLandscapeRight";
				INFOPLIST_KEY_UISupportedInterfaceOrientations_iPhone = "UIInterfaceOrientationPortrait UIInterfaceOrientationLandscapeLeft UIInterfaceOrientationLandscapeRight";
				IPHONEOS_DEPLOYMENT_TARGET = 26.0;
				LD_RUNPATH_SEARCH_PATHS = (
					"$(inherited)",
					"@executable_path/Frameworks",
				);
				MARKETING_VERSION = 1.0;
				PRODUCT_BUNDLE_IDENTIFIER = com.ant.Lumo;
				PRODUCT_NAME = "$(TARGET_NAME)";
				STRING_CATALOG_GENERATE_SYMBOLS = YES;
				SWIFT_APPROACHABLE_CONCURRENCY = YES;
				SWIFT_DEFAULT_ACTOR_ISOLATION = MainActor;
				SWIFT_EMIT_LOC_STRINGS = YES;
				SWIFT_UPCOMING_FEATURE_MEMBER_IMPORT_VISIBILITY = YES;
				SWIFT_VERSION = 6.0;
				TARGETED_DEVICE_FAMILY = 1;
			};
			name = Debug;
		};
		B4B2BD4C2F07C3020036E720 /* Release */ = {
			isa = XCBuildConfiguration;
			buildSettings = {
				ASSETCATALOG_COMPILER_APPICON_NAME = AppIcon;
				ASSETCATALOG_COMPILER_GLOBAL_ACCENT_COLOR_NAME = AccentColor;
				CODE_SIGN_STYLE = Automatic;
				CURRENT_PROJECT_VERSION = 1;
				DEVELOPMENT_TEAM = 32UGN86SXU;
				ENABLE_PREVIEWS = YES;
				GENERATE_INFOPLIST_FILE = YES;
				INFOPLIST_FILE = Info.plist;
				INFOPLIST_KEY_UIApplicationSceneManifest_Generation = YES;
				INFOPLIST_KEY_UIApplicationSupportsIndirectInputEvents = YES;
				INFOPLIST_KEY_UILaunchScreen_Generation = YES;
				INFOPLIST_KEY_UISupportedInterfaceOrientations_iPad = "UIInterfaceOrientationPortrait UIInterfaceOrientationPortraitUpsideDown UIInterfaceOrientationLandscapeLeft UIInterfaceOrientationLandscapeRight";
				INFOPLIST_KEY_UISupportedInterfaceOrientations_iPhone = "UIInterfaceOrientationPortrait UIInterfaceOrientationLandscapeLeft UIInterfaceOrientationLandscapeRight";
				IPHONEOS_DEPLOYMENT_TARGET = 26.0;
				LD_RUNPATH_SEARCH_PATHS = (
					"$(inherited)",
					"@executable_path/Frameworks",
				);
				MARKETING_VERSION = 1.0;
				PRODUCT_BUNDLE_IDENTIFIER = com.ant.Lumo;
				PRODUCT_NAME = "$(TARGET_NAME)";
				STRING_CATALOG_GENERATE_SYMBOLS = YES;
				SWIFT_APPROACHABLE_CONCURRENCY = YES;
				SWIFT_DEFAULT_ACTOR_ISOLATION = MainActor;
				SWIFT_EMIT_LOC_STRINGS = YES;
				SWIFT_UPCOMING_FEATURE_MEMBER_IMPORT_VISIBILITY = YES;
				SWIFT_VERSION = 6.0;
				TARGETED_DEVICE_FAMILY = 1;
			};
			name = Release;
		};
/* End XCBuildConfiguration section */

/* Begin XCConfigurationList section */
		B4B2BD3A2F07C3010036E720 /* Build configuration list for PBXProject "Lumo" */ = {
			isa = XCConfigurationList;
			buildConfigurations = (
				B4B2BD482F07C3020036E720 /* Debug */,
				B4B2BD492F07C3020036E720 /* Release */,
			);
			defaultConfigurationIsVisible = 0;
			defaultConfigurationName = Release;
		};
		B4B2BD4A2F07C3020036E720 /* Build configuration list for PBXNativeTarget "Lumo" */ = {
			isa = XCConfigurationList;
			buildConfigurations = (
				B4B2BD4B2F07C3020036E720 /* Debug */,
				B4B2BD4C2F07C3020036E720 /* Release */,
			);
			defaultConfigurationIsVisible = 0;
			defaultConfigurationName = Release;
		};
/* End XCConfigurationList section */
	};
	rootObject = B4B2BD372F07C3010036E720 /* Project object */;
}
